// !$*UTF8*$!
{
	archiveVersion = 1;
	classes = {
	};
	objectVersion = 46;
	objects = {

/* Begin PBXBuildFile section */
		687795301F1C58620094BC51 /* main.cpp in Sources */ = {isa = PBXBuildFile; fileRef = 6877952F1F1C58620094BC51 /* main.cpp */; };
		687795381F1C58890094BC51 /* CustomQueue.cpp in Sources */ = {isa = PBXBuildFile; fileRef = 687795361F1C58890094BC51 /* CustomQueue.cpp */; };
		687795441F1C6A980094BC51 /* ListNodeDemo.cpp in Sources */ = {isa = PBXBuildFile; fileRef = 687795421F1C6A980094BC51 /* ListNodeDemo.cpp */; };
/* End PBXBuildFile section */

/* Begin PBXCopyFilesBuildPhase section */
		6877952A1F1C58620094BC51 /* CopyFiles */ = {
			isa = PBXCopyFilesBuildPhase;
			buildActionMask = 2147483647;
			dstPath = /usr/share/man/man1/;
			dstSubfolderSpec = 0;
			files = (
			);
			runOnlyForDeploymentPostprocessing = 1;
		};
/* End PBXCopyFilesBuildPhase section */

/* Begin PBXFileReference section */
		6877952C1F1C58620094BC51 /* AlgorithmProj */ = {isa = PBXFileReference; explicitFileType = "compiled.mach-o.executable"; includeInIndex = 0; path = AlgorithmProj; sourceTree = BUILT_PRODUCTS_DIR; };
		6877952F1F1C58620094BC51 /* main.cpp */ = {isa = PBXFileReference; lastKnownFileType = sourcecode.cpp.cpp; path = main.cpp; sourceTree = "<group>"; };
		687795361F1C58890094BC51 /* CustomQueue.cpp */ = {isa = PBXFileReference; fileEncoding = 4; lastKnownFileType = sourcecode.cpp.cpp; path = CustomQueue.cpp; sourceTree = "<group>"; };
		687795371F1C58890094BC51 /* CustomQueue.hpp */ = {isa = PBXFileReference; fileEncoding = 4; lastKnownFileType = sourcecode.cpp.h; path = CustomQueue.hpp; sourceTree = "<group>"; };
		6877953C1F1C68700094BC51 /* BinaryTree */ = {isa = PBXFileReference; fileEncoding = 4; lastKnownFileType = text; path = BinaryTree; sourceTree = "<group>"; };
		6877953D1F1C68820094BC51 /* ListNode */ = {isa = PBXFileReference; fileEncoding = 4; lastKnownFileType = text; path = ListNode; sourceTree = "<group>"; };
		6877953E1F1C688D0094BC51 /* Sort */ = {isa = PBXFileReference; fileEncoding = 4; lastKnownFileType = text; path = Sort; sourceTree = "<group>"; };
		687795421F1C6A980094BC51 /* ListNodeDemo.cpp */ = {isa = PBXFileReference; fileEncoding = 4; lastKnownFileType = sourcecode.cpp.cpp; path = ListNodeDemo.cpp; sourceTree = "<group>"; };
		687795431F1C6A980094BC51 /* ListNodeDemo.hpp */ = {isa = PBXFileReference; fileEncoding = 4; lastKnownFileType = sourcecode.cpp.h; path = ListNodeDemo.hpp; sourceTree = "<group>"; };
/* End PBXFileReference section */

/* Begin PBXFrameworksBuildPhase section */
		687795291F1C58620094BC51 /* Frameworks */ = {
			isa = PBXFrameworksBuildPhase;
			buildActionMask = 2147483647;
			files = (
			);
			runOnlyForDeploymentPostprocessing = 0;
		};
/* End PBXFrameworksBuildPhase section */

/* Begin PBXGroup section */
		687795231F1C58620094BC51 = {
			isa = PBXGroup;
			children = (
				6877952E1F1C58620094BC51 /* AlgorithmProj */,
				6877952D1F1C58620094BC51 /* Products */,
			);
			sourceTree = "<group>";
		};
		6877952D1F1C58620094BC51 /* Products */ = {
			isa = PBXGroup;
			children = (
				6877952C1F1C58620094BC51 /* AlgorithmProj */,
			);
			name = Products;
			sourceTree = "<group>";
		};
		6877952E1F1C58620094BC51 /* AlgorithmProj */ = {
			isa = PBXGroup;
			children = (
				687795391F1C68320094BC51 /* BinaryTree */,
				6877953A1F1C68320094BC51 /* ListNode */,
				6877953B1F1C68320094BC51 /* Sort */,
				6877952F1F1C58620094BC51 /* main.cpp */,
				687795361F1C58890094BC51 /* CustomQueue.cpp */,
				687795371F1C58890094BC51 /* CustomQueue.hpp */,
			);
			path = AlgorithmProj;
			sourceTree = "<group>";
		};
		687795391F1C68320094BC51 /* BinaryTree */ = {
			isa = PBXGroup;
			children = (
				6877953C1F1C68700094BC51 /* BinaryTree */,
			);
			path = BinaryTree;
			sourceTree = "<group>";
		};
		6877953A1F1C68320094BC51 /* ListNode */ = {
			isa = PBXGroup;
			children = (
				6877953D1F1C68820094BC51 /* ListNode */,
				687795421F1C6A980094BC51 /* ListNodeDemo.cpp */,
				687795431F1C6A980094BC51 /* ListNodeDemo.hpp */,
			);
			path = ListNode;
			sourceTree = "<group>";
		};
		6877953B1F1C68320094BC51 /* Sort */ = {
			isa = PBXGroup;
			children = (
				6877953E1F1C688D0094BC51 /* Sort */,
			);
			path = Sort;
			sourceTree = "<group>";
		};
/* End PBXGroup section */

/* Begin PBXNativeTarget section */
		6877952B1F1C58620094BC51 /* AlgorithmProj */ = {
			isa = PBXNativeTarget;
			buildConfigurationList = 687795331F1C58620094BC51 /* Build configuration list for PBXNativeTarget "AlgorithmProj" */;
			buildPhases = (
				687795281F1C58620094BC51 /* Sources */,
				687795291F1C58620094BC51 /* Frameworks */,
				6877952A1F1C58620094BC51 /* CopyFiles */,
			);
			buildRules = (
			);
			dependencies = (
			);
			name = AlgorithmProj;
			productName = AlgorithmProj;
			productReference = 6877952C1F1C58620094BC51 /* AlgorithmProj */;
			productType = "com.apple.product-type.tool";
		};
/* End PBXNativeTarget section */

/* Begin PBXProject section */
		687795241F1C58620094BC51 /* Project object */ = {
			isa = PBXProject;
			attributes = {
				LastUpgradeCheck = 0830;
				ORGANIZATIONNAME = "段洪春";
				TargetAttributes = {
					6877952B1F1C58620094BC51 = {
						CreatedOnToolsVersion = 8.3.3;
						DevelopmentTeam = 6ND67KCL32;
						ProvisioningStyle = Automatic;
					};
				};
			};
			buildConfigurationList = 687795271F1C58620094BC51 /* Build configuration list for PBXProject "AlgorithmProj" */;
			compatibilityVersion = "Xcode 3.2";
			developmentRegion = English;
			hasScannedForEncodings = 0;
			knownRegions = (
				en,
			);
			mainGroup = 687795231F1C58620094BC51;
			productRefGroup = 6877952D1F1C58620094BC51 /* Products */;
			projectDirPath = "";
			projectRoot = "";
			targets = (
				6877952B1F1C58620094BC51 /* AlgorithmProj */,
			);
		};
/* End PBXProject section */

/* Begin PBXSourcesBuildPhase section */
		687795281F1C58620094BC51 /* Sources */ = {
			isa = PBXSourcesBuildPhase;
			buildActionMask = 2147483647;
			files = (
				687795381F1C58890094BC51 /* CustomQueue.cpp in Sources */,
				687795301F1C58620094BC51 /* main.cpp in Sources */,
				687795441F1C6A980094BC51 /* ListNodeDemo.cpp in Sources */,
			);
			runOnlyForDeploymentPostprocessing = 0;
		};
/* End PBXSourcesBuildPhase section */

/* Begin XCBuildConfiguration section */
		687795311F1C58620094BC51 /* Debug */ = {
			isa = XCBuildConfiguration;
			buildSettings = {
				ALWAYS_SEARCH_USER_PATHS = NO;
				CLANG_ANALYZER_NONNULL = YES;
				CLANG_ANALYZER_NUMBER_OBJECT_CONVERSION = YES_AGGRESSIVE;
				CLANG_CXX_LANGUAGE_STANDARD = "gnu++0x";
				CLANG_CXX_LIBRARY = "libc++";
				CLANG_ENABLE_MODULES = YES;
				CLANG_ENABLE_OBJC_ARC = YES;
				CLANG_WARN_BOOL_CONVERSION = YES;
				CLANG_WARN_CONSTANT_CONVERSION = YES;
				CLANG_WARN_DIRECT_OBJC_ISA_USAGE = YES_ERROR;
				CLANG_WARN_DOCUMENTATION_COMMENTS = YES;
				CLANG_WARN_EMPTY_BODY = YES;
				CLANG_WARN_ENUM_CONVERSION = YES;
				CLANG_WARN_INFINITE_RECURSION = YES;
				CLANG_WARN_INT_CONVERSION = YES;
				CLANG_WARN_OBJC_ROOT_CLASS = YES_ERROR;
				CLANG_WARN_SUSPICIOUS_MOVE = YES;
				CLANG_WARN_UNREACHABLE_CODE = YES;
				CLANG_WARN__DUPLICATE_METHOD_MATCH = YES;
				CODE_SIGN_IDENTITY = "-";
				COPY_PHASE_STRIP = NO;
				DEBUG_INFORMATION_FORMAT = dwarf;
				ENABLE_STRICT_OBJC_MSGSEND = YES;
				ENABLE_TESTABILITY = YES;
				GCC_C_LANGUAGE_STANDARD = gnu99;
				GCC_DYNAMIC_NO_PIC = NO;
				GCC_NO_COMMON_BLOCKS = YES;
				GCC_OPTIMIZATION_LEVEL = 0;
				GCC_PREPROCESSOR_DEFINITIONS = (
					"DEBUG=1",
					"$(inherited)",
				);
				GCC_WARN_64_TO_32_BIT_CONVERSION = YES;
				GCC_WARN_ABOUT_RETURN_TYPE = YES_ERROR;
				GCC_WARN_UNDECLARED_SELECTOR = YES;
				GCC_WARN_UNINITIALIZED_AUTOS = YES_AGGRESSIVE;
				GCC_WARN_UNUSED_FUNCTION = YES;
				GCC_WARN_UNUSED_VARIABLE = YES;
				MACOSX_DEPLOYMENT_TARGET = 10.12;
				MTL_ENABLE_DEBUG_INFO = YES;
				ONLY_ACTIVE_ARCH = YES;
				SDKROOT = macosx;
			};
			name = Debug;
		};
		687795321F1C58620094BC51 /* Release */ = {
			isa = XCBuildConfiguration;
			buildSettings = {
				ALWAYS_SEARCH_USER_PATHS = NO;
				CLANG_ANALYZER_NONNULL = YES;
				CLANG_ANALYZER_NUMBER_OBJECT_CONVERSION = YES_AGGRESSIVE;
				CLANG_CXX_LANGUAGE_STANDARD = "gnu++0x";
				CLANG_CXX_LIBRARY = "libc++";
				CLANG_ENABLE_MODULES = YES;
				CLANG_ENABLE_OBJC_ARC = YES;
				CLANG_WARN_BOOL_CONVERSION = YES;
				CLANG_WARN_CONSTANT_CONVERSION = YES;
				CLANG_WARN_DIRECT_OBJC_ISA_USAGE = YES_ERROR;
				CLANG_WARN_DOCUMENTATION_COMMENTS = YES;
				CLANG_WARN_EMPTY_BODY = YES;
				CLANG_WARN_ENUM_CONVERSION = YES;
				CLANG_WARN_INFINITE_RECURSION = YES;
				CLANG_WARN_INT_CONVERSION = YES;
				CLANG_WARN_OBJC_ROOT_CLASS = YES_ERROR;
				CLANG_WARN_SUSPICIOUS_MOVE = YES;
				CLANG_WARN_UNREACHABLE_CODE = YES;
				CLANG_WARN__DUPLICATE_METHOD_MATCH = YES;
				CODE_SIGN_IDENTITY = "-";
				COPY_PHASE_STRIP = NO;
				DEBUG_INFORMATION_FORMAT = "dwarf-with-dsym";
				ENABLE_NS_ASSERTIONS = NO;
				ENABLE_STRICT_OBJC_MSGSEND = YES;
				GCC_C_LANGUAGE_STANDARD = gnu99;
				GCC_NO_COMMON_BLOCKS = YES;
				GCC_WARN_64_TO_32_BIT_CONVERSION = YES;
				GCC_WARN_ABOUT_RETURN_TYPE = YES_ERROR;
				GCC_WARN_UNDECLARED_SELECTOR = YES;
				GCC_WARN_UNINITIALIZED_AUTOS = YES_AGGRESSIVE;
				GCC_WARN_UNUSED_FUNCTION = YES;
				GCC_WARN_UNUSED_VARIABLE = YES;
				MACOSX_DEPLOYMENT_TARGET = 10.12;
				MTL_ENABLE_DEBUG_INFO = NO;
				SDKROOT = macosx;
			};
			name = Release;
		};
		687795341F1C58620094BC51 /* Debug */ = {
			isa = XCBuildConfiguration;
			buildSettings = {
				DEVELOPMENT_TEAM = 6ND67KCL32;
				PRODUCT_NAME = "$(TARGET_NAME)";
			};
			name = Debug;
		};
		687795351F1C58620094BC51 /* Release */ = {
			isa = XCBuildConfiguration;
			buildSettings = {
				DEVELOPMENT_TEAM = 6ND67KCL32;
				PRODUCT_NAME = "$(TARGET_NAME)";
			};
			name = Release;
		};
/* End XCBuildConfiguration section */

/* Begin XCConfigurationList section */
		687795271F1C58620094BC51 /* Build configuration list for PBXProject "AlgorithmProj" */ = {
			isa = XCConfigurationList;
			buildConfigurations = (
				687795311F1C58620094BC51 /* Debug */,
				687795321F1C58620094BC51 /* Release */,
			);
			defaultConfigurationIsVisible = 0;
			defaultConfigurationName = Release;
		};
		687795331F1C58620094BC51 /* Build configuration list for PBXNativeTarget "AlgorithmProj" */ = {
			isa = XCConfigurationList;
			buildConfigurations = (
				687795341F1C58620094BC51 /* Debug */,
				687795351F1C58620094BC51 /* Release */,
			);
			defaultConfigurationIsVisible = 0;
		};
/* End XCConfigurationList section */
	};
	rootObject = 687795241F1C58620094BC51 /* Project object */;
}
